dependencies:
- name: postgresql
  repository: https://kubernetes-charts.storage.googleapis.com
  version: 0.14.4
- name: consul
  repository: https://kubernetes-charts.storage.googleapis.com
  version: 3.2.0
- name: rabbitmq
  repository: https://kubernetes-charts.storage.googleapis.com
  version: 1.1.8
digest: sha256:1d4074ac84c106cc459c3ae1bf8366585772a4b1a700fcb39dba0597c1f03801
generated: 2018-07-01T15:35:59.461942731+02:00
